
Microsoft Visual Studio Solution File, Format Version 12.00
# Visual Studio Version 17
VisualStudioVersion = 17.4.33213.308
MinimumVisualStudioVersion = 10.0.40219.1
Project("{FAE04EC0-301F-11D3-BF4B-00C04F79EFBC}") = "01. Integer Operations", "01. Integer Operations.csproj", "{D7E3C107-4767-4DA4-BFAA-FCD70129CEE5}"
EndProject
Project("{FAE04EC0-301F-11D3-BF4B-00C04F79EFBC}") = "02. Sum Digits", "..\02. Sum Digits\02. Sum Digits.csproj", "{9404383B-EFDC-4D85-BF49-F276FCAD7CE4}"
EndProject
Project("{FAE04EC0-301F-11D3-BF4B-00C04F79EFBC}") = "03. Elevator", "..\03. Elevator\03. Elevator.csproj", "{E27913FA-EAFB-43AF-808C-ACFDFB8D4E02}"
EndProject
Global
	GlobalSection(SolutionConfigurationPlatforms) = preSolution
		Debug|Any CPU = Debug|Any CPU
		Release|Any CPU = Release|Any CPU
	EndGlobalSection
	GlobalSection(ProjectConfigurationPlatforms) = postSolution
		{D7E3C107-4767-4DA4-BFAA-FCD70129CEE5}.Debug|Any CPU.ActiveCfg = Debug|Any CPU
		{D7E3C107-4767-4DA4-BFAA-FCD70129CEE5}.Debug|Any CPU.Build.0 = Debug|Any CPU
		{D7E3C107-4767-4DA4-BFAA-FCD70129CEE5}.Release|Any CPU.ActiveCfg = Release|Any CPU
		{D7E3C107-4767-4DA4-BFAA-FCD70129CEE5}.Release|Any CPU.Build.0 = Release|Any CPU
		{9404383B-EFDC-4D85-BF49-F276FCAD7CE4}.Debug|Any CPU.ActiveCfg = Debug|Any CPU
		{9404383B-EFDC-4D85-BF49-F276FCAD7CE4}.Debug|Any CPU.Build.0 = Debug|Any CPU
		{9404383B-EFDC-4D85-BF49-F276FCAD7CE4}.Release|Any CPU.ActiveCfg = Release|Any CPU
		{9404383B-EFDC-4D85-BF49-F276FCAD7CE4}.Release|Any CPU.Build.0 = Release|Any CPU
		{E27913FA-EAFB-43AF-808C-ACFDFB8D4E02}.Debug|Any CPU.ActiveCfg = Debug|Any CPU
		{E27913FA-EAFB-43AF-808C-ACFDFB8D4E02}.Debug|Any CPU.Build.0 = Debug|Any CPU
		{E27913FA-EAFB-43AF-808C-ACFDFB8D4E02}.Release|Any CPU.ActiveCfg = Release|Any CPU
		{E27913FA-EAFB-43AF-808C-ACFDFB8D4E02}.Release|Any CPU.Build.0 = Release|Any CPU
	EndGlobalSection
	GlobalSection(SolutionProperties) = preSolution
		HideSolutionNode = FALSE
	EndGlobalSection
	GlobalSection(ExtensibilityGlobals) = postSolution
		SolutionGuid = {0FD287B1-CC5E-4E8F-80E0-3CBDF3B0693B}
	EndGlobalSection
EndGlobal
